// !$*UTF8*$!
{
	archiveVersion = 1;
	classes = {
	};
	objectVersion = 56;
	objects = {

/* Begin PBXBuildFile section */
		CC4D0D022B2A0F2B0060B95D /* TripadvisorApp.swift in Sources */ = {isa = PBXBuildFile; fileRef = CC4D0D012B2A0F2B0060B95D /* TripadvisorApp.swift */; };
		CC4D0D042B2A0F2B0060B95D /* ContentView.swift in Sources */ = {isa = PBXBuildFile; fileRef = CC4D0D032B2A0F2B0060B95D /* ContentView.swift */; };
		CC4D0D062B2A0F2D0060B95D /* Assets.xcassets in Resources */ = {isa = PBXBuildFile; fileRef = CC4D0D052B2A0F2D0060B95D /* Assets.xcassets */; };
		CC4D0D092B2A0F2D0060B95D /* Preview Assets.xcassets in Resources */ = {isa = PBXBuildFile; fileRef = CC4D0D082B2A0F2D0060B95D /* Preview Assets.xcassets */; };
		CC4D0D2D2B2A1F060060B95D /* Destination.swift in Sources */ = {isa = PBXBuildFile; fileRef = CC4D0D2C2B2A1F060060B95D /* Destination.swift */; };
		CC4D0D2F2B2A1F330060B95D /* DestinationCardView.swift in Sources */ = {isa = PBXBuildFile; fileRef = CC4D0D2E2B2A1F330060B95D /* DestinationCardView.swift */; };
		CC4D0D312B2A2F720060B95D /* ColorExtension.swift in Sources */ = {isa = PBXBuildFile; fileRef = CC4D0D302B2A2F720060B95D /* ColorExtension.swift */; };
		CC4D0D332B2A38D20060B95D /* HomeScreenView.swift in Sources */ = {isa = PBXBuildFile; fileRef = CC4D0D322B2A38D20060B95D /* HomeScreenView.swift */; };
		CC4D0D352B2A39400060B95D /* Data.swift in Sources */ = {isa = PBXBuildFile; fileRef = CC4D0D342B2A39400060B95D /* Data.swift */; };
		CC4D0D372B2A62F50060B95D /* DestinationDetailedView.swift in Sources */ = {isa = PBXBuildFile; fileRef = CC4D0D362B2A62F50060B95D /* DestinationDetailedView.swift */; };
		CC4D0D392B2A694A0060B95D /* TransportView.swift in Sources */ = {isa = PBXBuildFile; fileRef = CC4D0D382B2A694A0060B95D /* TransportView.swift */; };
		CC4D0D3B2B2A80CA0060B95D /* MustSeePlacesListView.swift in Sources */ = {isa = PBXBuildFile; fileRef = CC4D0D3A2B2A80CA0060B95D /* MustSeePlacesListView.swift */; };
		CCE01EAC2B2B08A000BD5567 /* TravelTipsViewModel.swift in Sources */ = {isa = PBXBuildFile; fileRef = CCE01EAB2B2B08A000BD5567 /* TravelTipsViewModel.swift */; };
		CCE01EAE2B2B206A00BD5567 /* MustSeePlaceCellView.swift in Sources */ = {isa = PBXBuildFile; fileRef = CCE01EAD2B2B206A00BD5567 /* MustSeePlaceCellView.swift */; };
		CCE01EB02B2B3DBD00BD5567 /* HotelCellView.swift in Sources */ = {isa = PBXBuildFile; fileRef = CCE01EAF2B2B3DBD00BD5567 /* HotelCellView.swift */; };
		CCE01EB22B2B3F5D00BD5567 /* HotelsListView.swift in Sources */ = {isa = PBXBuildFile; fileRef = CCE01EB12B2B3F5D00BD5567 /* HotelsListView.swift */; };
/* End PBXBuildFile section */

/* Begin PBXFileReference section */
		CC4D0CFE2B2A0F2B0060B95D /* Tripadvisor.app */ = {isa = PBXFileReference; explicitFileType = wrapper.application; includeInIndex = 0; path = Tripadvisor.app; sourceTree = BUILT_PRODUCTS_DIR; };
		CC4D0D012B2A0F2B0060B95D /* TripadvisorApp.swift */ = {isa = PBXFileReference; lastKnownFileType = sourcecode.swift; path = TripadvisorApp.swift; sourceTree = "<group>"; };
		CC4D0D032B2A0F2B0060B95D /* ContentView.swift */ = {isa = PBXFileReference; lastKnownFileType = sourcecode.swift; path = ContentView.swift; sourceTree = "<group>"; };
		CC4D0D052B2A0F2D0060B95D /* Assets.xcassets */ = {isa = PBXFileReference; lastKnownFileType = folder.assetcatalog; path = Assets.xcassets; sourceTree = "<group>"; };
		CC4D0D082B2A0F2D0060B95D /* Preview Assets.xcassets */ = {isa = PBXFileReference; lastKnownFileType = folder.assetcatalog; path = "Preview Assets.xcassets"; sourceTree = "<group>"; };
		CC4D0D2C2B2A1F060060B95D /* Destination.swift */ = {isa = PBXFileReference; lastKnownFileType = sourcecode.swift; path = Destination.swift; sourceTree = "<group>"; };
		CC4D0D2E2B2A1F330060B95D /* DestinationCardView.swift */ = {isa = PBXFileReference; lastKnownFileType = sourcecode.swift; path = DestinationCardView.swift; sourceTree = "<group>"; };
		CC4D0D302B2A2F720060B95D /* ColorExtension.swift */ = {isa = PBXFileReference; lastKnownFileType = sourcecode.swift; path = ColorExtension.swift; sourceTree = "<group>"; };
		CC4D0D322B2A38D20060B95D /* HomeScreenView.swift */ = {isa = PBXFileReference; lastKnownFileType = sourcecode.swift; path = HomeScreenView.swift; sourceTree = "<group>"; };
		CC4D0D342B2A39400060B95D /* Data.swift */ = {isa = PBXFileReference; lastKnownFileType = sourcecode.swift; path = Data.swift; sourceTree = "<group>"; };
		CC4D0D362B2A62F50060B95D /* DestinationDetailedView.swift */ = {isa = PBXFileReference; lastKnownFileType = sourcecode.swift; path = DestinationDetailedView.swift; sourceTree = "<group>"; };
		CC4D0D382B2A694A0060B95D /* TransportView.swift */ = {isa = PBXFileReference; lastKnownFileType = sourcecode.swift; path = TransportView.swift; sourceTree = "<group>"; };
		CC4D0D3A2B2A80CA0060B95D /* MustSeePlacesListView.swift */ = {isa = PBXFileReference; lastKnownFileType = sourcecode.swift; path = MustSeePlacesListView.swift; sourceTree = "<group>"; };
		CCE01EAB2B2B08A000BD5567 /* TravelTipsViewModel.swift */ = {isa = PBXFileReference; lastKnownFileType = sourcecode.swift; path = TravelTipsViewModel.swift; sourceTree = "<group>"; };
		CCE01EAD2B2B206A00BD5567 /* MustSeePlaceCellView.swift */ = {isa = PBXFileReference; lastKnownFileType = sourcecode.swift; path = MustSeePlaceCellView.swift; sourceTree = "<group>"; };
		CCE01EAF2B2B3DBD00BD5567 /* HotelCellView.swift */ = {isa = PBXFileReference; lastKnownFileType = sourcecode.swift; path = HotelCellView.swift; sourceTree = "<group>"; };
		CCE01EB12B2B3F5D00BD5567 /* HotelsListView.swift */ = {isa = PBXFileReference; lastKnownFileType = sourcecode.swift; path = HotelsListView.swift; sourceTree = "<group>"; };
/* End PBXFileReference section */

/* Begin PBXFrameworksBuildPhase section */
		CC4D0CFB2B2A0F2B0060B95D /* Frameworks */ = {
			isa = PBXFrameworksBuildPhase;
			buildActionMask = 2147483647;
			files = (
			);
			runOnlyForDeploymentPostprocessing = 0;
		};
/* End PBXFrameworksBuildPhase section */

/* Begin PBXGroup section */
		CC4D0CF52B2A0F2B0060B95D = {
			isa = PBXGroup;
			children = (
				CC4D0D002B2A0F2B0060B95D /* Tripadvisor */,
				CC4D0CFF2B2A0F2B0060B95D /* Products */,
			);
			sourceTree = "<group>";
		};
		CC4D0CFF2B2A0F2B0060B95D /* Products */ = {
			isa = PBXGroup;
			children = (
				CC4D0CFE2B2A0F2B0060B95D /* Tripadvisor.app */,
			);
			name = Products;
			sourceTree = "<group>";
		};
		CC4D0D002B2A0F2B0060B95D /* Tripadvisor */ = {
			isa = PBXGroup;
			children = (
				CC4D0D072B2A0F2D0060B95D /* Preview Content */,
				CC4D0D112B2A0F5C0060B95D /* UI Extensions */,
				CC4D0D102B2A0F550060B95D /* App */,
				CC4D0D0F2B2A0F4D0060B95D /* Source */,
				CC4D0D132B2A0FAD0060B95D /* Model */,
				CC4D0D122B2A0F900060B95D /* Scene */,
			);
			path = Tripadvisor;
			sourceTree = "<group>";
		};
		CC4D0D072B2A0F2D0060B95D /* Preview Content */ = {
			isa = PBXGroup;
			children = (
				CC4D0D082B2A0F2D0060B95D /* Preview Assets.xcassets */,
			);
			path = "Preview Content";
			sourceTree = "<group>";
		};
		CC4D0D0F2B2A0F4D0060B95D /* Source */ = {
			isa = PBXGroup;
			children = (
				CC4D0D052B2A0F2D0060B95D /* Assets.xcassets */,
			);
			path = Source;
			sourceTree = "<group>";
		};
		CC4D0D102B2A0F550060B95D /* App */ = {
			isa = PBXGroup;
			children = (
				CC4D0D032B2A0F2B0060B95D /* ContentView.swift */,
				CC4D0D012B2A0F2B0060B95D /* TripadvisorApp.swift */,
			);
			path = App;
			sourceTree = "<group>";
		};
		CC4D0D112B2A0F5C0060B95D /* UI Extensions */ = {
			isa = PBXGroup;
			children = (
				CC4D0D302B2A2F720060B95D /* ColorExtension.swift */,
			);
			path = "UI Extensions";
			sourceTree = "<group>";
		};
		CC4D0D122B2A0F900060B95D /* Scene */ = {
			isa = PBXGroup;
			children = (
				CC4D0D1A2B2A11F40060B95D /* HotelsView */,
				CC4D0D192B2A11E80060B95D /* MustSeePlacesView */,
				CC4D0D182B2A11DA0060B95D /* TransportView */,
				CC4D0D172B2A114D0060B95D /* DestinationDetailedView */,
				CC4D0D162B2A112F0060B95D /* HomeScreenView */,
			);
			path = Scene;
			sourceTree = "<group>";
		};
		CC4D0D132B2A0FAD0060B95D /* Model */ = {
			isa = PBXGroup;
			children = (
				CC4D0D1D2B2A12670060B95D /* TravelTips */,
				CC4D0D142B2A0FBE0060B95D /* Destination */,
			);
			path = Model;
			sourceTree = "<group>";
		};
		CC4D0D142B2A0FBE0060B95D /* Destination */ = {
			isa = PBXGroup;
			children = (
				CC4D0D342B2A39400060B95D /* Data.swift */,
				CC4D0D2C2B2A1F060060B95D /* Destination.swift */,
			);
			path = Destination;
			sourceTree = "<group>";
		};
		CC4D0D162B2A112F0060B95D /* HomeScreenView */ = {
			isa = PBXGroup;
			children = (
				CC4D0D1E2B2A127E0060B95D /* View */,
			);
			path = HomeScreenView;
			sourceTree = "<group>";
		};
		CC4D0D172B2A114D0060B95D /* DestinationDetailedView */ = {
			isa = PBXGroup;
			children = (
				CC4D0D262B2A12DB0060B95D /* View */,
			);
			path = DestinationDetailedView;
			sourceTree = "<group>";
		};
		CC4D0D182B2A11DA0060B95D /* TransportView */ = {
			isa = PBXGroup;
			children = (
				CC4D0D242B2A12D00060B95D /* View */,
			);
			path = TransportView;
			sourceTree = "<group>";
		};
		CC4D0D192B2A11E80060B95D /* MustSeePlacesView */ = {
			isa = PBXGroup;
			children = (
				CC4D0D202B2A12A30060B95D /* View */,
			);
			path = MustSeePlacesView;
			sourceTree = "<group>";
		};
		CC4D0D1A2B2A11F40060B95D /* HotelsView */ = {
			isa = PBXGroup;
			children = (
				CC4D0D222B2A12C50060B95D /* View */,
			);
			path = HotelsView;
			sourceTree = "<group>";
		};
		CC4D0D1D2B2A12670060B95D /* TravelTips */ = {
			isa = PBXGroup;
			children = (
				CCE01EAB2B2B08A000BD5567 /* TravelTipsViewModel.swift */,
			);
			path = TravelTips;
			sourceTree = "<group>";
		};
		CC4D0D1E2B2A127E0060B95D /* View */ = {
			isa = PBXGroup;
			children = (
				CC4D0D322B2A38D20060B95D /* HomeScreenView.swift */,
			);
			path = View;
			sourceTree = "<group>";
		};
		CC4D0D202B2A12A30060B95D /* View */ = {
			isa = PBXGroup;
			children = (
				CC4D0D3A2B2A80CA0060B95D /* MustSeePlacesListView.swift */,
				CCE01EAD2B2B206A00BD5567 /* MustSeePlaceCellView.swift */,
			);
			path = View;
			sourceTree = "<group>";
		};
		CC4D0D222B2A12C50060B95D /* View */ = {
			isa = PBXGroup;
			children = (
				CCE01EAF2B2B3DBD00BD5567 /* HotelCellView.swift */,
				CCE01EB12B2B3F5D00BD5567 /* HotelsListView.swift */,
			);
			path = View;
			sourceTree = "<group>";
		};
		CC4D0D242B2A12D00060B95D /* View */ = {
			isa = PBXGroup;
			children = (
				CC4D0D382B2A694A0060B95D /* TransportView.swift */,
			);
			path = View;
			sourceTree = "<group>";
		};
		CC4D0D262B2A12DB0060B95D /* View */ = {
			isa = PBXGroup;
			children = (
				CC4D0D2E2B2A1F330060B95D /* DestinationCardView.swift */,
				CC4D0D362B2A62F50060B95D /* DestinationDetailedView.swift */,
			);
			path = View;
			sourceTree = "<group>";
		};
/* End PBXGroup section */

/* Begin PBXNativeTarget section */
		CC4D0CFD2B2A0F2B0060B95D /* Tripadvisor */ = {
			isa = PBXNativeTarget;
			buildConfigurationList = CC4D0D0C2B2A0F2D0060B95D /* Build configuration list for PBXNativeTarget "Tripadvisor" */;
			buildPhases = (
				CC4D0CFA2B2A0F2B0060B95D /* Sources */,
				CC4D0CFB2B2A0F2B0060B95D /* Frameworks */,
				CC4D0CFC2B2A0F2B0060B95D /* Resources */,
			);
			buildRules = (
			);
			dependencies = (
			);
			name = Tripadvisor;
			productName = Tripadvisor;
			productReference = CC4D0CFE2B2A0F2B0060B95D /* Tripadvisor.app */;
			productType = "com.apple.product-type.application";
		};
/* End PBXNativeTarget section */

/* Begin PBXProject section */
		CC4D0CF62B2A0F2B0060B95D /* Project object */ = {
			isa = PBXProject;
			attributes = {
				BuildIndependentTargetsInParallel = 1;
				LastSwiftUpdateCheck = 1430;
				LastUpgradeCheck = 1430;
				TargetAttributes = {
					CC4D0CFD2B2A0F2B0060B95D = {
						CreatedOnToolsVersion = 14.3.1;
					};
				};
			};
			buildConfigurationList = CC4D0CF92B2A0F2B0060B95D /* Build configuration list for PBXProject "Tripadvisor" */;
			compatibilityVersion = "Xcode 14.0";
			developmentRegion = en;
			hasScannedForEncodings = 0;
			knownRegions = (
				en,
				Base,
			);
			mainGroup = CC4D0CF52B2A0F2B0060B95D;
			productRefGroup = CC4D0CFF2B2A0F2B0060B95D /* Products */;
			projectDirPath = "";
			projectRoot = "";
			targets = (
				CC4D0CFD2B2A0F2B0060B95D /* Tripadvisor */,
			);
		};
/* End PBXProject section */

/* Begin PBXResourcesBuildPhase section */
		CC4D0CFC2B2A0F2B0060B95D /* Resources */ = {
			isa = PBXResourcesBuildPhase;
			buildActionMask = 2147483647;
			files = (
				CC4D0D092B2A0F2D0060B95D /* Preview Assets.xcassets in Resources */,
				CC4D0D062B2A0F2D0060B95D /* Assets.xcassets in Resources */,
			);
			runOnlyForDeploymentPostprocessing = 0;
		};
/* End PBXResourcesBuildPhase section */

/* Begin PBXSourcesBuildPhase section */
		CC4D0CFA2B2A0F2B0060B95D /* Sources */ = {
			isa = PBXSourcesBuildPhase;
			buildActionMask = 2147483647;
			files = (
				CCE01EAC2B2B08A000BD5567 /* TravelTipsViewModel.swift in Sources */,
				CC4D0D042B2A0F2B0060B95D /* ContentView.swift in Sources */,
				CC4D0D372B2A62F50060B95D /* DestinationDetailedView.swift in Sources */,
				CC4D0D022B2A0F2B0060B95D /* TripadvisorApp.swift in Sources */,
				CC4D0D2D2B2A1F060060B95D /* Destination.swift in Sources */,
				CC4D0D392B2A694A0060B95D /* TransportView.swift in Sources */,
				CC4D0D352B2A39400060B95D /* Data.swift in Sources */,
				CCE01EAE2B2B206A00BD5567 /* MustSeePlaceCellView.swift in Sources */,
				CC4D0D332B2A38D20060B95D /* HomeScreenView.swift in Sources */,
				CC4D0D2F2B2A1F330060B95D /* DestinationCardView.swift in Sources */,
				CC4D0D3B2B2A80CA0060B95D /* MustSeePlacesListView.swift in Sources */,
				CCE01EB02B2B3DBD00BD5567 /* HotelCellView.swift in Sources */,
				CC4D0D312B2A2F720060B95D /* ColorExtension.swift in Sources */,
				CCE01EB22B2B3F5D00BD5567 /* HotelsListView.swift in Sources */,
			);
			runOnlyForDeploymentPostprocessing = 0;
		};
/* End PBXSourcesBuildPhase section */

/* Begin XCBuildConfiguration section */
		CC4D0D0A2B2A0F2D0060B95D /* Debug */ = {
			isa = XCBuildConfiguration;
			buildSettings = {
				ALWAYS_SEARCH_USER_PATHS = NO;
				CLANG_ANALYZER_NONNULL = YES;
				CLANG_ANALYZER_NUMBER_OBJECT_CONVERSION = YES_AGGRESSIVE;
				CLANG_CXX_LANGUAGE_STANDARD = "gnu++20";
				CLANG_ENABLE_MODULES = YES;
				CLANG_ENABLE_OBJC_ARC = YES;
				CLANG_ENABLE_OBJC_WEAK = YES;
				CLANG_WARN_BLOCK_CAPTURE_AUTORELEASING = YES;
				CLANG_WARN_BOOL_CONVERSION = YES;
				CLANG_WARN_COMMA = YES;
				CLANG_WARN_CONSTANT_CONVERSION = YES;
				CLANG_WARN_DEPRECATED_OBJC_IMPLEMENTATIONS = YES;
				CLANG_WARN_DIRECT_OBJC_ISA_USAGE = YES_ERROR;
				CLANG_WARN_DOCUMENTATION_COMMENTS = YES;
				CLANG_WARN_EMPTY_BODY = YES;
				CLANG_WARN_ENUM_CONVERSION = YES;
				CLANG_WARN_INFINITE_RECURSION = YES;
				CLANG_WARN_INT_CONVERSION = YES;
				CLANG_WARN_NON_LITERAL_NULL_CONVERSION = YES;
				CLANG_WARN_OBJC_IMPLICIT_RETAIN_SELF = YES;
				CLANG_WARN_OBJC_LITERAL_CONVERSION = YES;
				CLANG_WARN_OBJC_ROOT_CLASS = YES_ERROR;
				CLANG_WARN_QUOTED_INCLUDE_IN_FRAMEWORK_HEADER = YES;
				CLANG_WARN_RANGE_LOOP_ANALYSIS = YES;
				CLANG_WARN_STRICT_PROTOTYPES = YES;
				CLANG_WARN_SUSPICIOUS_MOVE = YES;
				CLANG_WARN_UNGUARDED_AVAILABILITY = YES_AGGRESSIVE;
				CLANG_WARN_UNREACHABLE_CODE = YES;
				CLANG_WARN__DUPLICATE_METHOD_MATCH = YES;
				COPY_PHASE_STRIP = NO;
				DEBUG_INFORMATION_FORMAT = dwarf;
				ENABLE_STRICT_OBJC_MSGSEND = YES;
				ENABLE_TESTABILITY = YES;
				GCC_C_LANGUAGE_STANDARD = gnu11;
				GCC_DYNAMIC_NO_PIC = NO;
				GCC_NO_COMMON_BLOCKS = YES;
				GCC_OPTIMIZATION_LEVEL = 0;
				GCC_PREPROCESSOR_DEFINITIONS = (
					"DEBUG=1",
					"$(inherited)",
				);
				GCC_WARN_64_TO_32_BIT_CONVERSION = YES;
				GCC_WARN_ABOUT_RETURN_TYPE = YES_ERROR;
				GCC_WARN_UNDECLARED_SELECTOR = YES;
				GCC_WARN_UNINITIALIZED_AUTOS = YES_AGGRESSIVE;
				GCC_WARN_UNUSED_FUNCTION = YES;
				GCC_WARN_UNUSED_VARIABLE = YES;
				IPHONEOS_DEPLOYMENT_TARGET = 16.4;
				MTL_ENABLE_DEBUG_INFO = INCLUDE_SOURCE;
				MTL_FAST_MATH = YES;
				ONLY_ACTIVE_ARCH = YES;
				SDKROOT = iphoneos;
				SWIFT_ACTIVE_COMPILATION_CONDITIONS = DEBUG;
				SWIFT_OPTIMIZATION_LEVEL = "-Onone";
			};
			name = Debug;
		};
		CC4D0D0B2B2A0F2D0060B95D /* Release */ = {
			isa = XCBuildConfiguration;
			buildSettings = {
				ALWAYS_SEARCH_USER_PATHS = NO;
				CLANG_ANALYZER_NONNULL = YES;
				CLANG_ANALYZER_NUMBER_OBJECT_CONVERSION = YES_AGGRESSIVE;
				CLANG_CXX_LANGUAGE_STANDARD = "gnu++20";
				CLANG_ENABLE_MODULES = YES;
				CLANG_ENABLE_OBJC_ARC = YES;
				CLANG_ENABLE_OBJC_WEAK = YES;
				CLANG_WARN_BLOCK_CAPTURE_AUTORELEASING = YES;
				CLANG_WARN_BOOL_CONVERSION = YES;
				CLANG_WARN_COMMA = YES;
				CLANG_WARN_CONSTANT_CONVERSION = YES;
				CLANG_WARN_DEPRECATED_OBJC_IMPLEMENTATIONS = YES;
				CLANG_WARN_DIRECT_OBJC_ISA_USAGE = YES_ERROR;
				CLANG_WARN_DOCUMENTATION_COMMENTS = YES;
				CLANG_WARN_EMPTY_BODY = YES;
				CLANG_WARN_ENUM_CONVERSION = YES;
				CLANG_WARN_INFINITE_RECURSION = YES;
				CLANG_WARN_INT_CONVERSION = YES;
				CLANG_WARN_NON_LITERAL_NULL_CONVERSION = YES;
				CLANG_WARN_OBJC_IMPLICIT_RETAIN_SELF = YES;
				CLANG_WARN_OBJC_LITERAL_CONVERSION = YES;
				CLANG_WARN_OBJC_ROOT_CLASS = YES_ERROR;
				CLANG_WARN_QUOTED_INCLUDE_IN_FRAMEWORK_HEADER = YES;
				CLANG_WARN_RANGE_LOOP_ANALYSIS = YES;
				CLANG_WARN_STRICT_PROTOTYPES = YES;
				CLANG_WARN_SUSPICIOUS_MOVE = YES;
				CLANG_WARN_UNGUARDED_AVAILABILITY = YES_AGGRESSIVE;
				CLANG_WARN_UNREACHABLE_CODE = YES;
				CLANG_WARN__DUPLICATE_METHOD_MATCH = YES;
				COPY_PHASE_STRIP = NO;
				DEBUG_INFORMATION_FORMAT = "dwarf-with-dsym";
				ENABLE_NS_ASSERTIONS = NO;
				ENABLE_STRICT_OBJC_MSGSEND = YES;
				GCC_C_LANGUAGE_STANDARD = gnu11;
				GCC_NO_COMMON_BLOCKS = YES;
				GCC_WARN_64_TO_32_BIT_CONVERSION = YES;
				GCC_WARN_ABOUT_RETURN_TYPE = YES_ERROR;
				GCC_WARN_UNDECLARED_SELECTOR = YES;
				GCC_WARN_UNINITIALIZED_AUTOS = YES_AGGRESSIVE;
				GCC_WARN_UNUSED_FUNCTION = YES;
				GCC_WARN_UNUSED_VARIABLE = YES;
				IPHONEOS_DEPLOYMENT_TARGET = 16.4;
				MTL_ENABLE_DEBUG_INFO = NO;
				MTL_FAST_MATH = YES;
				SDKROOT = iphoneos;
				SWIFT_COMPILATION_MODE = wholemodule;
				SWIFT_OPTIMIZATION_LEVEL = "-O";
				VALIDATE_PRODUCT = YES;
			};
			name = Release;
		};
		CC4D0D0D2B2A0F2D0060B95D /* Debug */ = {
			isa = XCBuildConfiguration;
			buildSettings = {
				ASSETCATALOG_COMPILER_APPICON_NAME = AppIcon;
				ASSETCATALOG_COMPILER_GLOBAL_ACCENT_COLOR_NAME = AccentColor;
				CODE_SIGN_STYLE = Automatic;
				CURRENT_PROJECT_VERSION = 1;
				DEVELOPMENT_ASSET_PATHS = "\"Tripadvisor/Preview Content\"";
				DEVELOPMENT_TEAM = M9WWDC922T;
				ENABLE_PREVIEWS = YES;
				GENERATE_INFOPLIST_FILE = YES;
				INFOPLIST_KEY_UIApplicationSceneManifest_Generation = YES;
				INFOPLIST_KEY_UIApplicationSupportsIndirectInputEvents = YES;
				INFOPLIST_KEY_UILaunchScreen_Generation = YES;
				INFOPLIST_KEY_UISupportedInterfaceOrientations_iPad = "UIInterfaceOrientationPortrait UIInterfaceOrientationPortraitUpsideDown UIInterfaceOrientationLandscapeLeft UIInterfaceOrientationLandscapeRight";
				INFOPLIST_KEY_UISupportedInterfaceOrientations_iPhone = "UIInterfaceOrientationPortrait UIInterfaceOrientationLandscapeLeft UIInterfaceOrientationLandscapeRight";
				LD_RUNPATH_SEARCH_PATHS = (
					"$(inherited)",
					"@executable_path/Frameworks",
				);
				MARKETING_VERSION = 1.0;
				PRODUCT_BUNDLE_IDENTIFIER = idk.Tripadvisor;
				PRODUCT_NAME = "$(TARGET_NAME)";
				SWIFT_EMIT_LOC_STRINGS = YES;
				SWIFT_VERSION = 5.0;
				TARGETED_DEVICE_FAMILY = "1,2";
			};
			name = Debug;
		};
		CC4D0D0E2B2A0F2D0060B95D /* Release */ = {
			isa = XCBuildConfiguration;
			buildSettings = {
				ASSETCATALOG_COMPILER_APPICON_NAME = AppIcon;
				ASSETCATALOG_COMPILER_GLOBAL_ACCENT_COLOR_NAME = AccentColor;
				CODE_SIGN_STYLE = Automatic;
				CURRENT_PROJECT_VERSION = 1;
				DEVELOPMENT_ASSET_PATHS = "\"Tripadvisor/Preview Content\"";
				DEVELOPMENT_TEAM = M9WWDC922T;
				ENABLE_PREVIEWS = YES;
				GENERATE_INFOPLIST_FILE = YES;
				INFOPLIST_KEY_UIApplicationSceneManifest_Generation = YES;
				INFOPLIST_KEY_UIApplicationSupportsIndirectInputEvents = YES;
				INFOPLIST_KEY_UILaunchScreen_Generation = YES;
				INFOPLIST_KEY_UISupportedInterfaceOrientations_iPad = "UIInterfaceOrientationPortrait UIInterfaceOrientationPortraitUpsideDown UIInterfaceOrientationLandscapeLeft UIInterfaceOrientationLandscapeRight";
				INFOPLIST_KEY_UISupportedInterfaceOrientations_iPhone = "UIInterfaceOrientationPortrait UIInterfaceOrientationLandscapeLeft UIInterfaceOrientationLandscapeRight";
				LD_RUNPATH_SEARCH_PATHS = (
					"$(inherited)",
					"@executable_path/Frameworks",
				);
				MARKETING_VERSION = 1.0;
				PRODUCT_BUNDLE_IDENTIFIER = idk.Tripadvisor;
				PRODUCT_NAME = "$(TARGET_NAME)";
				SWIFT_EMIT_LOC_STRINGS = YES;
				SWIFT_VERSION = 5.0;
				TARGETED_DEVICE_FAMILY = "1,2";
			};
			name = Release;
		};
/* End XCBuildConfiguration section */

/* Begin XCConfigurationList section */
		CC4D0CF92B2A0F2B0060B95D /* Build configuration list for PBXProject "Tripadvisor" */ = {
			isa = XCConfigurationList;
			buildConfigurations = (
				CC4D0D0A2B2A0F2D0060B95D /* Debug */,
				CC4D0D0B2B2A0F2D0060B95D /* Release */,
			);
			defaultConfigurationIsVisible = 0;
			defaultConfigurationName = Release;
		};
		CC4D0D0C2B2A0F2D0060B95D /* Build configuration list for PBXNativeTarget "Tripadvisor" */ = {
			isa = XCConfigurationList;
			buildConfigurations = (
				CC4D0D0D2B2A0F2D0060B95D /* Debug */,
				CC4D0D0E2B2A0F2D0060B95D /* Release */,
			);
			defaultConfigurationIsVisible = 0;
			defaultConfigurationName = Release;
		};
/* End XCConfigurationList section */
	};
	rootObject = CC4D0CF62B2A0F2B0060B95D /* Project object */;
}
